// !$*UTF8*$!
{
	archiveVersion = 1;
	classes = {
	};
	objectVersion = 51;
	objects = {

/* Begin PBXBuildFile section */
		B08F092E2442FA93001AA193 /* AppDelegate.swift in Sources */ = {isa = PBXBuildFile; fileRef = B08F092D2442FA93001AA193 /* AppDelegate.swift */; };
		B08F09322442FA93001AA193 /* ViewController.swift in Sources */ = {isa = PBXBuildFile; fileRef = B08F09312442FA93001AA193 /* ViewController.swift */; };
		B08F09352442FA93001AA193 /* Main.storyboard in Resources */ = {isa = PBXBuildFile; fileRef = B08F09332442FA93001AA193 /* Main.storyboard */; };
		B08F09372442FA94001AA193 /* Assets.xcassets in Resources */ = {isa = PBXBuildFile; fileRef = B08F09362442FA94001AA193 /* Assets.xcassets */; };
		B08F093A2442FA94001AA193 /* LaunchScreen.storyboard in Resources */ = {isa = PBXBuildFile; fileRef = B08F09382442FA94001AA193 /* LaunchScreen.storyboard */; };
		B08F094A24430740001AA193 /* AES256CBC.swift in Sources */ = {isa = PBXBuildFile; fileRef = B08F094924430740001AA193 /* AES256CBC.swift */; };
		B08F094C2443074A001AA193 /* ECrypto.swift in Sources */ = {isa = PBXBuildFile; fileRef = B08F094B2443074A001AA193 /* ECrypto.swift */; };
		FC961395ACCFCA7DF9186233 /* Pods_YappAttendanceCheck.framework in Frameworks */ = {isa = PBXBuildFile; fileRef = 5A2EB6747917EFD1DCE7ABD3 /* Pods_YappAttendanceCheck.framework */; };
/* End PBXBuildFile section */

/* Begin PBXFileReference section */
		5A2EB6747917EFD1DCE7ABD3 /* Pods_YappAttendanceCheck.framework */ = {isa = PBXFileReference; explicitFileType = wrapper.framework; includeInIndex = 0; path = Pods_YappAttendanceCheck.framework; sourceTree = BUILT_PRODUCTS_DIR; };
		892918DAE409F3F344FAE7A0 /* Pods-YappAttendanceCheck.release.xcconfig */ = {isa = PBXFileReference; includeInIndex = 1; lastKnownFileType = text.xcconfig; name = "Pods-YappAttendanceCheck.release.xcconfig"; path = "Target Support Files/Pods-YappAttendanceCheck/Pods-YappAttendanceCheck.release.xcconfig"; sourceTree = "<group>"; };
		B08F092A2442FA93001AA193 /* YappAttendanceCheck.app */ = {isa = PBXFileReference; explicitFileType = wrapper.application; includeInIndex = 0; path = YappAttendanceCheck.app; sourceTree = BUILT_PRODUCTS_DIR; };
		B08F092D2442FA93001AA193 /* AppDelegate.swift */ = {isa = PBXFileReference; lastKnownFileType = sourcecode.swift; path = AppDelegate.swift; sourceTree = "<group>"; };
		B08F09312442FA93001AA193 /* ViewController.swift */ = {isa = PBXFileReference; lastKnownFileType = sourcecode.swift; path = ViewController.swift; sourceTree = "<group>"; };
		B08F09342442FA93001AA193 /* Base */ = {isa = PBXFileReference; lastKnownFileType = file.storyboard; name = Base; path = Base.lproj/Main.storyboard; sourceTree = "<group>"; };
		B08F09362442FA94001AA193 /* Assets.xcassets */ = {isa = PBXFileReference; lastKnownFileType = folder.assetcatalog; path = Assets.xcassets; sourceTree = "<group>"; };
		B08F09392442FA94001AA193 /* Base */ = {isa = PBXFileReference; lastKnownFileType = file.storyboard; name = Base; path = Base.lproj/LaunchScreen.storyboard; sourceTree = "<group>"; };
		B08F093B2442FA94001AA193 /* Info.plist */ = {isa = PBXFileReference; lastKnownFileType = text.plist.xml; path = Info.plist; sourceTree = "<group>"; };
		B08F094924430740001AA193 /* AES256CBC.swift */ = {isa = PBXFileReference; lastKnownFileType = sourcecode.swift; path = AES256CBC.swift; sourceTree = "<group>"; };
		B08F094B2443074A001AA193 /* ECrypto.swift */ = {isa = PBXFileReference; lastKnownFileType = sourcecode.swift; path = ECrypto.swift; sourceTree = "<group>"; };
		C79C45B6074847D275F83238 /* Pods-YappAttendanceCheck.debug.xcconfig */ = {isa = PBXFileReference; includeInIndex = 1; lastKnownFileType = text.xcconfig; name = "Pods-YappAttendanceCheck.debug.xcconfig"; path = "Target Support Files/Pods-YappAttendanceCheck/Pods-YappAttendanceCheck.debug.xcconfig"; sourceTree = "<group>"; };
/* End PBXFileReference section */

/* Begin PBXFrameworksBuildPhase section */
		B08F09272442FA93001AA193 /* Frameworks */ = {
			isa = PBXFrameworksBuildPhase;
			buildActionMask = 2147483647;
			files = (
				FC961395ACCFCA7DF9186233 /* Pods_YappAttendanceCheck.framework in Frameworks */,
			);
			runOnlyForDeploymentPostprocessing = 0;
		};
/* End PBXFrameworksBuildPhase section */

/* Begin PBXGroup section */
		17CF973E705A0EB4E20E767F /* Frameworks */ = {
			isa = PBXGroup;
			children = (
				5A2EB6747917EFD1DCE7ABD3 /* Pods_YappAttendanceCheck.framework */,
			);
			name = Frameworks;
			sourceTree = "<group>";
		};
		4B4B217DE1C906DAC077C252 /* Pods */ = {
			isa = PBXGroup;
			children = (
				C79C45B6074847D275F83238 /* Pods-YappAttendanceCheck.debug.xcconfig */,
				892918DAE409F3F344FAE7A0 /* Pods-YappAttendanceCheck.release.xcconfig */,
			);
			path = Pods;
			sourceTree = "<group>";
		};
		B08F09212442FA93001AA193 = {
			isa = PBXGroup;
			children = (
				B08F092C2442FA93001AA193 /* YappAttendanceCheck */,
				B08F092B2442FA93001AA193 /* Products */,
				4B4B217DE1C906DAC077C252 /* Pods */,
				17CF973E705A0EB4E20E767F /* Frameworks */,
			);
			sourceTree = "<group>";
		};
		B08F092B2442FA93001AA193 /* Products */ = {
			isa = PBXGroup;
			children = (
				B08F092A2442FA93001AA193 /* YappAttendanceCheck.app */,
			);
			name = Products;
			sourceTree = "<group>";
		};
		B08F092C2442FA93001AA193 /* YappAttendanceCheck */ = {
			isa = PBXGroup;
			children = (
				B08F092D2442FA93001AA193 /* AppDelegate.swift */,
				B08F09312442FA93001AA193 /* ViewController.swift */,
				B08F09332442FA93001AA193 /* Main.storyboard */,
				B08F09362442FA94001AA193 /* Assets.xcassets */,
				B08F09382442FA94001AA193 /* LaunchScreen.storyboard */,
				B08F093B2442FA94001AA193 /* Info.plist */,
				B08F094924430740001AA193 /* AES256CBC.swift */,
				B08F094B2443074A001AA193 /* ECrypto.swift */,
			);
			path = YappAttendanceCheck;
			sourceTree = "<group>";
		};
/* End PBXGroup section */

/* Begin PBXNativeTarget section */
		B08F09292442FA93001AA193 /* YappAttendanceCheck */ = {
			isa = PBXNativeTarget;
			buildConfigurationList = B08F093E2442FA94001AA193 /* Build configuration list for PBXNativeTarget "YappAttendanceCheck" */;
			buildPhases = (
				281E9F958F13262DF8769F6F /* [CP] Check Pods Manifest.lock */,
				B08F09262442FA93001AA193 /* Sources */,
				B08F09272442FA93001AA193 /* Frameworks */,
				B08F09282442FA93001AA193 /* Resources */,
				DE2DEE4C2B990926DA5430FD /* [CP] Embed Pods Frameworks */,
			);
			buildRules = (
			);
			dependencies = (
			);
			name = YappAttendanceCheck;
			productName = YappAttendanceCheck;
			productReference = B08F092A2442FA93001AA193 /* YappAttendanceCheck.app */;
			productType = "com.apple.product-type.application";
		};
/* End PBXNativeTarget section */

/* Begin PBXProject section */
		B08F09222442FA93001AA193 /* Project object */ = {
			isa = PBXProject;
			attributes = {
				LastSwiftUpdateCheck = 1130;
				LastUpgradeCheck = 1130;
				ORGANIZATIONNAME = "김태인";
				TargetAttributes = {
					B08F09292442FA93001AA193 = {
						CreatedOnToolsVersion = 11.3.1;
					};
				};
			};
			buildConfigurationList = B08F09252442FA93001AA193 /* Build configuration list for PBXProject "YappAttendanceCheck" */;
			compatibilityVersion = "Xcode 9.3";
			developmentRegion = en;
			hasScannedForEncodings = 0;
			knownRegions = (
				en,
				Base,
			);
			mainGroup = B08F09212442FA93001AA193;
			productRefGroup = B08F092B2442FA93001AA193 /* Products */;
			projectDirPath = "";
			projectRoot = "";
			targets = (
				B08F09292442FA93001AA193 /* YappAttendanceCheck */,
			);
		};
/* End PBXProject section */

/* Begin PBXResourcesBuildPhase section */
		B08F09282442FA93001AA193 /* Resources */ = {
			isa = PBXResourcesBuildPhase;
			buildActionMask = 2147483647;
			files = (
				B08F093A2442FA94001AA193 /* LaunchScreen.storyboard in Resources */,
				B08F09372442FA94001AA193 /* Assets.xcassets in Resources */,
				B08F09352442FA93001AA193 /* Main.storyboard in Resources */,
			);
			runOnlyForDeploymentPostprocessing = 0;
		};
/* End PBXResourcesBuildPhase section */

/* Begin PBXShellScriptBuildPhase section */
		281E9F958F13262DF8769F6F /* [CP] Check Pods Manifest.lock */ = {
			isa = PBXShellScriptBuildPhase;
			buildActionMask = 2147483647;
			files = (
			);
			inputFileListPaths = (
			);
			inputPaths = (
				"${PODS_PODFILE_DIR_PATH}/Podfile.lock",
				"${PODS_ROOT}/Manifest.lock",
			);
			name = "[CP] Check Pods Manifest.lock";
			outputFileListPaths = (
			);
			outputPaths = (
				"$(DERIVED_FILE_DIR)/Pods-YappAttendanceCheck-checkManifestLockResult.txt",
			);
			runOnlyForDeploymentPostprocessing = 0;
			shellPath = /bin/sh;
			shellScript = "diff \"${PODS_PODFILE_DIR_PATH}/Podfile.lock\" \"${PODS_ROOT}/Manifest.lock\" > /dev/null\nif [ $? != 0 ] ; then\n    # print error to STDERR\n    echo \"error: The sandbox is not in sync with the Podfile.lock. Run 'pod install' or update your CocoaPods installation.\" >&2\n    exit 1\nfi\n# This output is used by Xcode 'outputs' to avoid re-running this script phase.\necho \"SUCCESS\" > \"${SCRIPT_OUTPUT_FILE_0}\"\n";
			showEnvVarsInLog = 0;
		};
		DE2DEE4C2B990926DA5430FD /* [CP] Embed Pods Frameworks */ = {
			isa = PBXShellScriptBuildPhase;
			buildActionMask = 2147483647;
			files = (
			);
			inputFileListPaths = (
				"${PODS_ROOT}/Target Support Files/Pods-YappAttendanceCheck/Pods-YappAttendanceCheck-frameworks-${CONFIGURATION}-input-files.xcfilelist",
			);
			name = "[CP] Embed Pods Frameworks";
			outputFileListPaths = (
				"${PODS_ROOT}/Target Support Files/Pods-YappAttendanceCheck/Pods-YappAttendanceCheck-frameworks-${CONFIGURATION}-output-files.xcfilelist",
			);
			runOnlyForDeploymentPostprocessing = 0;
			shellPath = /bin/sh;
			shellScript = "\"${PODS_ROOT}/Target Support Files/Pods-YappAttendanceCheck/Pods-YappAttendanceCheck-frameworks.sh\"\n";
			showEnvVarsInLog = 0;
		};
/* End PBXShellScriptBuildPhase section */

/* Begin PBXSourcesBuildPhase section */
		B08F09262442FA93001AA193 /* Sources */ = {
			isa = PBXSourcesBuildPhase;
			buildActionMask = 2147483647;
			files = (
				B08F09322442FA93001AA193 /* ViewController.swift in Sources */,
				B08F094A24430740001AA193 /* AES256CBC.swift in Sources */,
				B08F094C2443074A001AA193 /* ECrypto.swift in Sources */,
				B08F092E2442FA93001AA193 /* AppDelegate.swift in Sources */,
			);
			runOnlyForDeploymentPostprocessing = 0;
		};
/* End PBXSourcesBuildPhase section */

/* Begin PBXVariantGroup section */
		B08F09332442FA93001AA193 /* Main.storyboard */ = {
			isa = PBXVariantGroup;
			children = (
				B08F09342442FA93001AA193 /* Base */,
			);
			name = Main.storyboard;
			sourceTree = "<group>";
		};
		B08F09382442FA94001AA193 /* LaunchScreen.storyboard */ = {
			isa = PBXVariantGroup;
			children = (
				B08F09392442FA94001AA193 /* Base */,
			);
			name = LaunchScreen.storyboard;
			sourceTree = "<group>";
		};
/* End PBXVariantGroup section */

/* Begin XCBuildConfiguration section */
		B08F093C2442FA94001AA193 /* Debug */ = {
			isa = XCBuildConfiguration;
			buildSettings = {
				ALWAYS_SEARCH_USER_PATHS = NO;
				CLANG_ANALYZER_NONNULL = YES;
				CLANG_ANALYZER_NUMBER_OBJECT_CONVERSION = YES_AGGRESSIVE;
				CLANG_CXX_LANGUAGE_STANDARD = "gnu++14";
				CLANG_CXX_LIBRARY = "libc++";
				CLANG_ENABLE_MODULES = YES;
				CLANG_ENABLE_OBJC_ARC = YES;
				CLANG_ENABLE_OBJC_WEAK = YES;
				CLANG_WARN_BLOCK_CAPTURE_AUTORELEASING = YES;
				CLANG_WARN_BOOL_CONVERSION = YES;
				CLANG_WARN_COMMA = YES;
				CLANG_WARN_CONSTANT_CONVERSION = YES;
				CLANG_WARN_DEPRECATED_OBJC_IMPLEMENTATIONS = YES;
				CLANG_WARN_DIRECT_OBJC_ISA_USAGE = YES_ERROR;
				CLANG_WARN_DOCUMENTATION_COMMENTS = YES;
				CLANG_WARN_EMPTY_BODY = YES;
				CLANG_WARN_ENUM_CONVERSION = YES;
				CLANG_WARN_INFINITE_RECURSION = YES;
				CLANG_WARN_INT_CONVERSION = YES;
				CLANG_WARN_NON_LITERAL_NULL_CONVERSION = YES;
				CLANG_WARN_OBJC_IMPLICIT_RETAIN_SELF = YES;
				CLANG_WARN_OBJC_LITERAL_CONVERSION = YES;
				CLANG_WARN_OBJC_ROOT_CLASS = YES_ERROR;
				CLANG_WARN_RANGE_LOOP_ANALYSIS = YES;
				CLANG_WARN_STRICT_PROTOTYPES = YES;
				CLANG_WARN_SUSPICIOUS_MOVE = YES;
				CLANG_WARN_UNGUARDED_AVAILABILITY = YES_AGGRESSIVE;
				CLANG_WARN_UNREACHABLE_CODE = YES;
				CLANG_WARN__DUPLICATE_METHOD_MATCH = YES;
				COPY_PHASE_STRIP = NO;
				DEBUG_INFORMATION_FORMAT = dwarf;
				ENABLE_STRICT_OBJC_MSGSEND = YES;
				ENABLE_TESTABILITY = YES;
				GCC_C_LANGUAGE_STANDARD = gnu11;
				GCC_DYNAMIC_NO_PIC = NO;
				GCC_NO_COMMON_BLOCKS = YES;
				GCC_OPTIMIZATION_LEVEL = 0;
				GCC_PREPROCESSOR_DEFINITIONS = (
					"DEBUG=1",
					"$(inherited)",
				);
				GCC_WARN_64_TO_32_BIT_CONVERSION = YES;
				GCC_WARN_ABOUT_RETURN_TYPE = YES_ERROR;
				GCC_WARN_UNDECLARED_SELECTOR = YES;
				GCC_WARN_UNINITIALIZED_AUTOS = YES_AGGRESSIVE;
				GCC_WARN_UNUSED_FUNCTION = YES;
				GCC_WARN_UNUSED_VARIABLE = YES;
				IPHONEOS_DEPLOYMENT_TARGET = 11.0;
				MTL_ENABLE_DEBUG_INFO = INCLUDE_SOURCE;
				MTL_FAST_MATH = YES;
				ONLY_ACTIVE_ARCH = YES;
				SDKROOT = iphoneos;
				SWIFT_ACTIVE_COMPILATION_CONDITIONS = DEBUG;
				SWIFT_OPTIMIZATION_LEVEL = "-Onone";
			};
			name = Debug;
		};
		B08F093D2442FA94001AA193 /* Release */ = {
			isa = XCBuildConfiguration;
			buildSettings = {
				ALWAYS_SEARCH_USER_PATHS = NO;
				CLANG_ANALYZER_NONNULL = YES;
				CLANG_ANALYZER_NUMBER_OBJECT_CONVERSION = YES_AGGRESSIVE;
				CLANG_CXX_LANGUAGE_STANDARD = "gnu++14";
				CLANG_CXX_LIBRARY = "libc++";
				CLANG_ENABLE_MODULES = YES;
				CLANG_ENABLE_OBJC_ARC = YES;
				CLANG_ENABLE_OBJC_WEAK = YES;
				CLANG_WARN_BLOCK_CAPTURE_AUTORELEASING = YES;
				CLANG_WARN_BOOL_CONVERSION = YES;
				CLANG_WARN_COMMA = YES;
				CLANG_WARN_CONSTANT_CONVERSION = YES;
				CLANG_WARN_DEPRECATED_OBJC_IMPLEMENTATIONS = YES;
				CLANG_WARN_DIRECT_OBJC_ISA_USAGE = YES_ERROR;
				CLANG_WARN_DOCUMENTATION_COMMENTS = YES;
				CLANG_WARN_EMPTY_BODY = YES;
				CLANG_WARN_ENUM_CONVERSION = YES;
				CLANG_WARN_INFINITE_RECURSION = YES;
				CLANG_WARN_INT_CONVERSION = YES;
				CLANG_WARN_NON_LITERAL_NULL_CONVERSION = YES;
				CLANG_WARN_OBJC_IMPLICIT_RETAIN_SELF = YES;
				CLANG_WARN_OBJC_LITERAL_CONVERSION = YES;
				CLANG_WARN_OBJC_ROOT_CLASS = YES_ERROR;
				CLANG_WARN_RANGE_LOOP_ANALYSIS = YES;
				CLANG_WARN_STRICT_PROTOTYPES = YES;
				CLANG_WARN_SUSPICIOUS_MOVE = YES;
				CLANG_WARN_UNGUARDED_AVAILABILITY = YES_AGGRESSIVE;
				CLANG_WARN_UNREACHABLE_CODE = YES;
				CLANG_WARN__DUPLICATE_METHOD_MATCH = YES;
				COPY_PHASE_STRIP = NO;
				DEBUG_INFORMATION_FORMAT = "dwarf-with-dsym";
				ENABLE_NS_ASSERTIONS = NO;
				ENABLE_STRICT_OBJC_MSGSEND = YES;
				GCC_C_LANGUAGE_STANDARD = gnu11;
				GCC_NO_COMMON_BLOCKS = YES;
				GCC_WARN_64_TO_32_BIT_CONVERSION = YES;
				GCC_WARN_ABOUT_RETURN_TYPE = YES_ERROR;
				GCC_WARN_UNDECLARED_SELECTOR = YES;
				GCC_WARN_UNINITIALIZED_AUTOS = YES_AGGRESSIVE;
				GCC_WARN_UNUSED_FUNCTION = YES;
				GCC_WARN_UNUSED_VARIABLE = YES;
				IPHONEOS_DEPLOYMENT_TARGET = 11.0;
				MTL_ENABLE_DEBUG_INFO = NO;
				MTL_FAST_MATH = YES;
				SDKROOT = iphoneos;
				SWIFT_COMPILATION_MODE = wholemodule;
				SWIFT_OPTIMIZATION_LEVEL = "-O";
				VALIDATE_PRODUCT = YES;
			};
			name = Release;
		};
		B08F093F2442FA94001AA193 /* Debug */ = {
			isa = XCBuildConfiguration;
			baseConfigurationReference = C79C45B6074847D275F83238 /* Pods-YappAttendanceCheck.debug.xcconfig */;
			buildSettings = {
				ASSETCATALOG_COMPILER_APPICON_NAME = AppIcon;
				CODE_SIGN_STYLE = Automatic;
				DEVELOPMENT_TEAM = M79H9K226Y;
				INFOPLIST_FILE = YappAttendanceCheck/Info.plist;
				IPHONEOS_DEPLOYMENT_TARGET = 11.0;
				LD_RUNPATH_SEARCH_PATHS = (
					"$(inherited)",
					"@executable_path/Frameworks",
				);
				PRODUCT_BUNDLE_IDENTIFIER = com.denny.YappAttendanceCheck;
				PRODUCT_NAME = "$(TARGET_NAME)";
				SWIFT_VERSION = 5.0;
				TARGETED_DEVICE_FAMILY = 1;
			};
			name = Debug;
		};
		B08F09402442FA94001AA193 /* Release */ = {
			isa = XCBuildConfiguration;
			baseConfigurationReference = 892918DAE409F3F344FAE7A0 /* Pods-YappAttendanceCheck.release.xcconfig */;
			buildSettings = {
				ASSETCATALOG_COMPILER_APPICON_NAME = AppIcon;
				CODE_SIGN_STYLE = Automatic;
				DEVELOPMENT_TEAM = M79H9K226Y;
				INFOPLIST_FILE = YappAttendanceCheck/Info.plist;
				IPHONEOS_DEPLOYMENT_TARGET = 11.0;
				LD_RUNPATH_SEARCH_PATHS = (
					"$(inherited)",
					"@executable_path/Frameworks",
				);
				PRODUCT_BUNDLE_IDENTIFIER = com.denny.YappAttendanceCheck;
				PRODUCT_NAME = "$(TARGET_NAME)";
				SWIFT_VERSION = 5.0;
				TARGETED_DEVICE_FAMILY = 1;
			};
			name = Release;
		};
/* End XCBuildConfiguration section */

/* Begin XCConfigurationList section */
		B08F09252442FA93001AA193 /* Build configuration list for PBXProject "YappAttendanceCheck" */ = {
			isa = XCConfigurationList;
			buildConfigurations = (
				B08F093C2442FA94001AA193 /* Debug */,
				B08F093D2442FA94001AA193 /* Release */,
			);
			defaultConfigurationIsVisible = 0;
			defaultConfigurationName = Release;
		};
		B08F093E2442FA94001AA193 /* Build configuration list for PBXNativeTarget "YappAttendanceCheck" */ = {
			isa = XCConfigurationList;
			buildConfigurations = (
				B08F093F2442FA94001AA193 /* Debug */,
				B08F09402442FA94001AA193 /* Release */,
			);
			defaultConfigurationIsVisible = 0;
			defaultConfigurationName = Release;
		};
/* End XCConfigurationList section */
	};
	rootObject = B08F09222442FA93001AA193 /* Project object */;
}
